
Microsoft Visual Studio Solution File, Format Version 12.00
# Visual Studio Version 17
VisualStudioVersion = 17.5.33424.131
MinimumVisualStudioVersion = 10.0.40219.1
Project("{FAE04EC0-301F-11D3-BF4B-00C04F79EFBC}") = "TintSysDesk", "TintSysDesk\TintSysDesk.csproj", "{E462E3EF-5692-42D8-A4FE-95E5983E28BD}"
EndProject
Project("{FAE04EC0-301F-11D3-BF4B-00C04F79EFBC}") = "TintSysClass", "TintSysClass\TintSysClass.csproj", "{3EC7427D-544E-4EF6-9353-150077DB8478}"
EndProject
Global
	GlobalSection(SolutionConfigurationPlatforms) = preSolution
		Debug|Any CPU = Debug|Any CPU
		Release|Any CPU = Release|Any CPU
	EndGlobalSection
	GlobalSection(ProjectConfigurationPlatforms) = postSolution
		{E462E3EF-5692-42D8-A4FE-95E5983E28BD}.Debug|Any CPU.ActiveCfg = Debug|Any CPU
		{E462E3EF-5692-42D8-A4FE-95E5983E28BD}.Debug|Any CPU.Build.0 = Debug|Any CPU
		{E462E3EF-5692-42D8-A4FE-95E5983E28BD}.Release|Any CPU.ActiveCfg = Release|Any CPU
		{E462E3EF-5692-42D8-A4FE-95E5983E28BD}.Release|Any CPU.Build.0 = Release|Any CPU
		{3EC7427D-544E-4EF6-9353-150077DB8478}.Debug|Any CPU.ActiveCfg = Debug|Any CPU
		{3EC7427D-544E-4EF6-9353-150077DB8478}.Debug|Any CPU.Build.0 = Debug|Any CPU
		{3EC7427D-544E-4EF6-9353-150077DB8478}.Release|Any CPU.ActiveCfg = Release|Any CPU
		{3EC7427D-544E-4EF6-9353-150077DB8478}.Release|Any CPU.Build.0 = Release|Any CPU
	EndGlobalSection
	GlobalSection(SolutionProperties) = preSolution
		HideSolutionNode = FALSE
	EndGlobalSection
	GlobalSection(ExtensibilityGlobals) = postSolution
		SolutionGuid = {0672410F-68EB-4664-A491-410E830484B8}
	EndGlobalSection
EndGlobal
